// !$*UTF8*$!
{
	archiveVersion = 1;
	classes = {
	};
	objectVersion = 50;
	objects = {

/* Begin PBXBuildFile section */
		2270275221DBBDF100349521 /* Tracker.swift in Sources */ = {isa = PBXBuildFile; fileRef = 2270275121DBBDF100349521 /* Tracker.swift */; };
		22816EE6221B700900492B56 /* SettingsHelper.swift in Sources */ = {isa = PBXBuildFile; fileRef = 22816EE5221B700900492B56 /* SettingsHelper.swift */; };
		22AA070321D1441D005663AC /* ManageProjectsViewController.swift in Sources */ = {isa = PBXBuildFile; fileRef = 22AA070221D1441D005663AC /* ManageProjectsViewController.swift */; };
		22BDA05321CEE069008C98A7 /* AppDelegate.swift in Sources */ = {isa = PBXBuildFile; fileRef = 22BDA05221CEE069008C98A7 /* AppDelegate.swift */; };
		22BDA05521CEE069008C98A7 /* MainViewController.swift in Sources */ = {isa = PBXBuildFile; fileRef = 22BDA05421CEE069008C98A7 /* MainViewController.swift */; };
		22BDA05721CEE06B008C98A7 /* Assets.xcassets in Resources */ = {isa = PBXBuildFile; fileRef = 22BDA05621CEE06B008C98A7 /* Assets.xcassets */; };
		22BDA05A21CEE06B008C98A7 /* Main.storyboard in Resources */ = {isa = PBXBuildFile; fileRef = 22BDA05821CEE06B008C98A7 /* Main.storyboard */; };
		22BDA06721CEEF53008C98A7 /* ProjectHelper.swift in Sources */ = {isa = PBXBuildFile; fileRef = 22BDA06621CEEF53008C98A7 /* ProjectHelper.swift */; };
		22BDA06921CEEF60008C98A7 /* TrackedItemHelper.swift in Sources */ = {isa = PBXBuildFile; fileRef = 22BDA06821CEEF60008C98A7 /* TrackedItemHelper.swift */; };
		22BDA06C21CEFA7D008C98A7 /* Project.swift in Sources */ = {isa = PBXBuildFile; fileRef = 22BDA06B21CEFA7D008C98A7 /* Project.swift */; };
		22BDA06E21CEFA8B008C98A7 /* TrackedItem.swift in Sources */ = {isa = PBXBuildFile; fileRef = 22BDA06D21CEFA8B008C98A7 /* TrackedItem.swift */; };
		22BDA07021CF0018008C98A7 /* Logger.swift in Sources */ = {isa = PBXBuildFile; fileRef = 22BDA06F21CF0018008C98A7 /* Logger.swift */; };
/* End PBXBuildFile section */

/* Begin PBXFileReference section */
		2270275121DBBDF100349521 /* Tracker.swift */ = {isa = PBXFileReference; lastKnownFileType = sourcecode.swift; path = Tracker.swift; sourceTree = "<group>"; };
		22816EE5221B700900492B56 /* SettingsHelper.swift */ = {isa = PBXFileReference; lastKnownFileType = sourcecode.swift; path = SettingsHelper.swift; sourceTree = "<group>"; };
		22AA070221D1441D005663AC /* ManageProjectsViewController.swift */ = {isa = PBXFileReference; lastKnownFileType = sourcecode.swift; path = ManageProjectsViewController.swift; sourceTree = "<group>"; };
		22BDA04F21CEE069008C98A7 /* Simple Tracker.app */ = {isa = PBXFileReference; explicitFileType = wrapper.application; includeInIndex = 0; path = "Simple Tracker.app"; sourceTree = BUILT_PRODUCTS_DIR; };
		22BDA05221CEE069008C98A7 /* AppDelegate.swift */ = {isa = PBXFileReference; lastKnownFileType = sourcecode.swift; path = AppDelegate.swift; sourceTree = "<group>"; };
		22BDA05421CEE069008C98A7 /* MainViewController.swift */ = {isa = PBXFileReference; lastKnownFileType = sourcecode.swift; path = MainViewController.swift; sourceTree = "<group>"; };
		22BDA05621CEE06B008C98A7 /* Assets.xcassets */ = {isa = PBXFileReference; lastKnownFileType = folder.assetcatalog; path = Assets.xcassets; sourceTree = "<group>"; };
		22BDA05921CEE06B008C98A7 /* Base */ = {isa = PBXFileReference; lastKnownFileType = file.storyboard; name = Base; path = Base.lproj/Main.storyboard; sourceTree = "<group>"; };
		22BDA05B21CEE06B008C98A7 /* Info.plist */ = {isa = PBXFileReference; lastKnownFileType = text.plist.xml; path = Info.plist; sourceTree = "<group>"; };
		22BDA05C21CEE06B008C98A7 /* Simple Tracker.entitlements */ = {isa = PBXFileReference; lastKnownFileType = text.plist.entitlements; path = "Simple Tracker.entitlements"; sourceTree = "<group>"; };
		22BDA06621CEEF53008C98A7 /* ProjectHelper.swift */ = {isa = PBXFileReference; lastKnownFileType = sourcecode.swift; path = ProjectHelper.swift; sourceTree = "<group>"; };
		22BDA06821CEEF60008C98A7 /* TrackedItemHelper.swift */ = {isa = PBXFileReference; lastKnownFileType = sourcecode.swift; path = TrackedItemHelper.swift; sourceTree = "<group>"; };
		22BDA06B21CEFA7D008C98A7 /* Project.swift */ = {isa = PBXFileReference; lastKnownFileType = sourcecode.swift; path = Project.swift; sourceTree = "<group>"; };
		22BDA06D21CEFA8B008C98A7 /* TrackedItem.swift */ = {isa = PBXFileReference; lastKnownFileType = sourcecode.swift; path = TrackedItem.swift; sourceTree = "<group>"; };
		22BDA06F21CF0018008C98A7 /* Logger.swift */ = {isa = PBXFileReference; lastKnownFileType = sourcecode.swift; path = Logger.swift; sourceTree = "<group>"; };
/* End PBXFileReference section */

/* Begin PBXFrameworksBuildPhase section */
		22BDA04C21CEE069008C98A7 /* Frameworks */ = {
			isa = PBXFrameworksBuildPhase;
			buildActionMask = 2147483647;
			files = (
			);
			runOnlyForDeploymentPostprocessing = 0;
		};
/* End PBXFrameworksBuildPhase section */

/* Begin PBXGroup section */
		22BDA04621CEE069008C98A7 = {
			isa = PBXGroup;
			children = (
				22BDA05121CEE069008C98A7 /* Simple Tracker */,
				22BDA05021CEE069008C98A7 /* Products */,
			);
			sourceTree = "<group>";
		};
		22BDA05021CEE069008C98A7 /* Products */ = {
			isa = PBXGroup;
			children = (
				22BDA04F21CEE069008C98A7 /* Simple Tracker.app */,
			);
			name = Products;
			sourceTree = "<group>";
		};
		22BDA05121CEE069008C98A7 /* Simple Tracker */ = {
			isa = PBXGroup;
			children = (
				22BDA05221CEE069008C98A7 /* AppDelegate.swift */,
				22BDA05621CEE06B008C98A7 /* Assets.xcassets */,
				22BDA05821CEE06B008C98A7 /* Main.storyboard */,
				22BDA05421CEE069008C98A7 /* MainViewController.swift */,
				22AA070221D1441D005663AC /* ManageProjectsViewController.swift */,
				22BDA06F21CF0018008C98A7 /* Logger.swift */,
				2270275121DBBDF100349521 /* Tracker.swift */,
				22BDA06B21CEFA7D008C98A7 /* Project.swift */,
				22BDA06621CEEF53008C98A7 /* ProjectHelper.swift */,
				22BDA06D21CEFA8B008C98A7 /* TrackedItem.swift */,
				22BDA06821CEEF60008C98A7 /* TrackedItemHelper.swift */,
				22BDA05B21CEE06B008C98A7 /* Info.plist */,
				22BDA05C21CEE06B008C98A7 /* Simple Tracker.entitlements */,
				22816EE5221B700900492B56 /* SettingsHelper.swift */,
			);
			path = "Simple Tracker";
			sourceTree = "<group>";
		};
/* End PBXGroup section */

/* Begin PBXNativeTarget section */
		22BDA04E21CEE069008C98A7 /* Simple Tracker */ = {
			isa = PBXNativeTarget;
			buildConfigurationList = 22BDA05F21CEE06B008C98A7 /* Build configuration list for PBXNativeTarget "Simple Tracker" */;
			buildPhases = (
				22BDA04B21CEE069008C98A7 /* Sources */,
				22BDA04C21CEE069008C98A7 /* Frameworks */,
				22BDA04D21CEE069008C98A7 /* Resources */,
			);
			buildRules = (
			);
			dependencies = (
			);
			name = "Simple Tracker";
			productName = TimeTracker;
			productReference = 22BDA04F21CEE069008C98A7 /* Simple Tracker.app */;
			productType = "com.apple.product-type.application";
		};
/* End PBXNativeTarget section */

/* Begin PBXProject section */
		22BDA04721CEE069008C98A7 /* Project object */ = {
			isa = PBXProject;
			attributes = {
				LastSwiftUpdateCheck = 1010;
				LastUpgradeCheck = 1010;
				ORGANIZATIONNAME = "Sam Johnson";
				TargetAttributes = {
					22BDA04E21CEE069008C98A7 = {
						CreatedOnToolsVersion = 10.1;
					};
				};
			};
			buildConfigurationList = 22BDA04A21CEE069008C98A7 /* Build configuration list for PBXProject "Simple Tracker" */;
			compatibilityVersion = "Xcode 9.3";
			developmentRegion = en;
			hasScannedForEncodings = 0;
			knownRegions = (
				en,
				Base,
			);
			mainGroup = 22BDA04621CEE069008C98A7;
			productRefGroup = 22BDA05021CEE069008C98A7 /* Products */;
			projectDirPath = "";
			projectRoot = "";
			targets = (
				22BDA04E21CEE069008C98A7 /* Simple Tracker */,
			);
		};
/* End PBXProject section */

/* Begin PBXResourcesBuildPhase section */
		22BDA04D21CEE069008C98A7 /* Resources */ = {
			isa = PBXResourcesBuildPhase;
			buildActionMask = 2147483647;
			files = (
				22BDA05721CEE06B008C98A7 /* Assets.xcassets in Resources */,
				22BDA05A21CEE06B008C98A7 /* Main.storyboard in Resources */,
			);
			runOnlyForDeploymentPostprocessing = 0;
		};
/* End PBXResourcesBuildPhase section */

/* Begin PBXSourcesBuildPhase section */
		22BDA04B21CEE069008C98A7 /* Sources */ = {
			isa = PBXSourcesBuildPhase;
			buildActionMask = 2147483647;
			files = (
				22BDA05521CEE069008C98A7 /* MainViewController.swift in Sources */,
				22BDA05321CEE069008C98A7 /* AppDelegate.swift in Sources */,
				22BDA06921CEEF60008C98A7 /* TrackedItemHelper.swift in Sources */,
				2270275221DBBDF100349521 /* Tracker.swift in Sources */,
				22816EE6221B700900492B56 /* SettingsHelper.swift in Sources */,
				22BDA06E21CEFA8B008C98A7 /* TrackedItem.swift in Sources */,
				22BDA07021CF0018008C98A7 /* Logger.swift in Sources */,
				22BDA06C21CEFA7D008C98A7 /* Project.swift in Sources */,
				22AA070321D1441D005663AC /* ManageProjectsViewController.swift in Sources */,
				22BDA06721CEEF53008C98A7 /* ProjectHelper.swift in Sources */,
			);
			runOnlyForDeploymentPostprocessing = 0;
		};
/* End PBXSourcesBuildPhase section */

/* Begin PBXVariantGroup section */
		22BDA05821CEE06B008C98A7 /* Main.storyboard */ = {
			isa = PBXVariantGroup;
			children = (
				22BDA05921CEE06B008C98A7 /* Base */,
			);
			name = Main.storyboard;
			sourceTree = "<group>";
		};
/* End PBXVariantGroup section */

/* Begin XCBuildConfiguration section */
		22BDA05D21CEE06B008C98A7 /* Debug */ = {
			isa = XCBuildConfiguration;
			buildSettings = {
				ALWAYS_SEARCH_USER_PATHS = NO;
				CLANG_ANALYZER_NONNULL = YES;
				CLANG_ANALYZER_NUMBER_OBJECT_CONVERSION = YES_AGGRESSIVE;
				CLANG_CXX_LANGUAGE_STANDARD = "gnu++14";
				CLANG_CXX_LIBRARY = "libc++";
				CLANG_ENABLE_MODULES = YES;
				CLANG_ENABLE_OBJC_ARC = YES;
				CLANG_ENABLE_OBJC_WEAK = YES;
				CLANG_WARN_BLOCK_CAPTURE_AUTORELEASING = YES;
				CLANG_WARN_BOOL_CONVERSION = YES;
				CLANG_WARN_COMMA = YES;
				CLANG_WARN_CONSTANT_CONVERSION = YES;
				CLANG_WARN_DEPRECATED_OBJC_IMPLEMENTATIONS = YES;
				CLANG_WARN_DIRECT_OBJC_ISA_USAGE = YES_ERROR;
				CLANG_WARN_DOCUMENTATION_COMMENTS = YES;
				CLANG_WARN_EMPTY_BODY = YES;
				CLANG_WARN_ENUM_CONVERSION = YES;
				CLANG_WARN_INFINITE_RECURSION = YES;
				CLANG_WARN_INT_CONVERSION = YES;
				CLANG_WARN_NON_LITERAL_NULL_CONVERSION = YES;
				CLANG_WARN_OBJC_IMPLICIT_RETAIN_SELF = YES;
				CLANG_WARN_OBJC_LITERAL_CONVERSION = YES;
				CLANG_WARN_OBJC_ROOT_CLASS = YES_ERROR;
				CLANG_WARN_RANGE_LOOP_ANALYSIS = YES;
				CLANG_WARN_STRICT_PROTOTYPES = YES;
				CLANG_WARN_SUSPICIOUS_MOVE = YES;
				CLANG_WARN_UNGUARDED_AVAILABILITY = YES_AGGRESSIVE;
				CLANG_WARN_UNREACHABLE_CODE = YES;
				CLANG_WARN__DUPLICATE_METHOD_MATCH = YES;
				CODE_SIGN_IDENTITY = "-";
				COPY_PHASE_STRIP = NO;
				DEBUG_INFORMATION_FORMAT = dwarf;
				ENABLE_STRICT_OBJC_MSGSEND = YES;
				ENABLE_TESTABILITY = YES;
				GCC_C_LANGUAGE_STANDARD = gnu11;
				GCC_DYNAMIC_NO_PIC = NO;
				GCC_NO_COMMON_BLOCKS = YES;
				GCC_OPTIMIZATION_LEVEL = 0;
				GCC_PREPROCESSOR_DEFINITIONS = (
					"DEBUG=1",
					"$(inherited)",
				);
				GCC_WARN_64_TO_32_BIT_CONVERSION = YES;
				GCC_WARN_ABOUT_RETURN_TYPE = YES_ERROR;
				GCC_WARN_UNDECLARED_SELECTOR = YES;
				GCC_WARN_UNINITIALIZED_AUTOS = YES_AGGRESSIVE;
				GCC_WARN_UNUSED_FUNCTION = YES;
				GCC_WARN_UNUSED_VARIABLE = YES;
				MACOSX_DEPLOYMENT_TARGET = 10.14;
				MTL_ENABLE_DEBUG_INFO = INCLUDE_SOURCE;
				MTL_FAST_MATH = YES;
				ONLY_ACTIVE_ARCH = YES;
				SDKROOT = macosx;
				SWIFT_ACTIVE_COMPILATION_CONDITIONS = DEBUG;
				SWIFT_OPTIMIZATION_LEVEL = "-Onone";
			};
			name = Debug;
		};
		22BDA05E21CEE06B008C98A7 /* Release */ = {
			isa = XCBuildConfiguration;
			buildSettings = {
				ALWAYS_SEARCH_USER_PATHS = NO;
				CLANG_ANALYZER_NONNULL = YES;
				CLANG_ANALYZER_NUMBER_OBJECT_CONVERSION = YES_AGGRESSIVE;
				CLANG_CXX_LANGUAGE_STANDARD = "gnu++14";
				CLANG_CXX_LIBRARY = "libc++";
				CLANG_ENABLE_MODULES = YES;
				CLANG_ENABLE_OBJC_ARC = YES;
				CLANG_ENABLE_OBJC_WEAK = YES;
				CLANG_WARN_BLOCK_CAPTURE_AUTORELEASING = YES;
				CLANG_WARN_BOOL_CONVERSION = YES;
				CLANG_WARN_COMMA = YES;
				CLANG_WARN_CONSTANT_CONVERSION = YES;
				CLANG_WARN_DEPRECATED_OBJC_IMPLEMENTATIONS = YES;
				CLANG_WARN_DIRECT_OBJC_ISA_USAGE = YES_ERROR;
				CLANG_WARN_DOCUMENTATION_COMMENTS = YES;
				CLANG_WARN_EMPTY_BODY = YES;
				CLANG_WARN_ENUM_CONVERSION = YES;
				CLANG_WARN_INFINITE_RECURSION = YES;
				CLANG_WARN_INT_CONVERSION = YES;
				CLANG_WARN_NON_LITERAL_NULL_CONVERSION = YES;
				CLANG_WARN_OBJC_IMPLICIT_RETAIN_SELF = YES;
				CLANG_WARN_OBJC_LITERAL_CONVERSION = YES;
				CLANG_WARN_OBJC_ROOT_CLASS = YES_ERROR;
				CLANG_WARN_RANGE_LOOP_ANALYSIS = YES;
				CLANG_WARN_STRICT_PROTOTYPES = YES;
				CLANG_WARN_SUSPICIOUS_MOVE = YES;
				CLANG_WARN_UNGUARDED_AVAILABILITY = YES_AGGRESSIVE;
				CLANG_WARN_UNREACHABLE_CODE = YES;
				CLANG_WARN__DUPLICATE_METHOD_MATCH = YES;
				CODE_SIGN_IDENTITY = "-";
				COPY_PHASE_STRIP = NO;
				DEBUG_INFORMATION_FORMAT = "dwarf-with-dsym";
				ENABLE_NS_ASSERTIONS = NO;
				ENABLE_STRICT_OBJC_MSGSEND = YES;
				GCC_C_LANGUAGE_STANDARD = gnu11;
				GCC_NO_COMMON_BLOCKS = YES;
				GCC_WARN_64_TO_32_BIT_CONVERSION = YES;
				GCC_WARN_ABOUT_RETURN_TYPE = YES_ERROR;
				GCC_WARN_UNDECLARED_SELECTOR = YES;
				GCC_WARN_UNINITIALIZED_AUTOS = YES_AGGRESSIVE;
				GCC_WARN_UNUSED_FUNCTION = YES;
				GCC_WARN_UNUSED_VARIABLE = YES;
				MACOSX_DEPLOYMENT_TARGET = 10.14;
				MTL_ENABLE_DEBUG_INFO = NO;
				MTL_FAST_MATH = YES;
				SDKROOT = macosx;
				SWIFT_COMPILATION_MODE = wholemodule;
				SWIFT_OPTIMIZATION_LEVEL = "-O";
			};
			name = Release;
		};
		22BDA06021CEE06B008C98A7 /* Debug */ = {
			isa = XCBuildConfiguration;
			buildSettings = {
				ASSETCATALOG_COMPILER_APPICON_NAME = AppIcon;
				CODE_SIGN_ENTITLEMENTS = "Simple Tracker/Simple Tracker.entitlements";
				CODE_SIGN_STYLE = Automatic;
				COMBINE_HIDPI_IMAGES = YES;
				INFOPLIST_FILE = "Simple Tracker/Info.plist";
				LD_RUNPATH_SEARCH_PATHS = (
					"$(inherited)",
					"@executable_path/../Frameworks",
				);
				MACOSX_DEPLOYMENT_TARGET = 10.13;
				PRODUCT_BUNDLE_IDENTIFIER = me.scj.SimpleTracker;
				PRODUCT_NAME = "$(TARGET_NAME)";
				SWIFT_VERSION = 4.2;
			};
			name = Debug;
		};
		22BDA06121CEE06B008C98A7 /* Release */ = {
			isa = XCBuildConfiguration;
			buildSettings = {
				ASSETCATALOG_COMPILER_APPICON_NAME = AppIcon;
				CODE_SIGN_ENTITLEMENTS = "Simple Tracker/Simple Tracker.entitlements";
				CODE_SIGN_STYLE = Automatic;
				COMBINE_HIDPI_IMAGES = YES;
				INFOPLIST_FILE = "Simple Tracker/Info.plist";
				LD_RUNPATH_SEARCH_PATHS = (
					"$(inherited)",
					"@executable_path/../Frameworks",
				);
				MACOSX_DEPLOYMENT_TARGET = 10.13;
				PRODUCT_BUNDLE_IDENTIFIER = me.scj.SimpleTracker;
				PRODUCT_NAME = "$(TARGET_NAME)";
				SWIFT_VERSION = 4.2;
			};
			name = Release;
		};
/* End XCBuildConfiguration section */

/* Begin XCConfigurationList section */
		22BDA04A21CEE069008C98A7 /* Build configuration list for PBXProject "Simple Tracker" */ = {
			isa = XCConfigurationList;
			buildConfigurations = (
				22BDA05D21CEE06B008C98A7 /* Debug */,
				22BDA05E21CEE06B008C98A7 /* Release */,
			);
			defaultConfigurationIsVisible = 0;
			defaultConfigurationName = Release;
		};
		22BDA05F21CEE06B008C98A7 /* Build configuration list for PBXNativeTarget "Simple Tracker" */ = {
			isa = XCConfigurationList;
			buildConfigurations = (
				22BDA06021CEE06B008C98A7 /* Debug */,
				22BDA06121CEE06B008C98A7 /* Release */,
			);
			defaultConfigurationIsVisible = 0;
			defaultConfigurationName = Release;
		};
/* End XCConfigurationList section */
	};
	rootObject = 22BDA04721CEE069008C98A7 /* Project object */;
}
